# Pinned browser compiler artifacts, published as GitHub Release assets by the companion
# `wasm-rustc` builder. `tag` is the immutable Release tag, each asset line pins its sha256.
#
# The tag and the hashes below are placeholders. Paste the real ones from the `SHA256SUMS`
# artifact of the `wasm-rustc` run that built the Release.
#
# Local escape hatch, no download: RIW_ARTIFACTS_LOCAL=<other checkout's public/> cargo xtask prep
repo=IsseW/wasm-rustc
tag=artifacts-egui-2026-09-11
rustc-wasm.tar.zst sha256=8bc82b9e849f6884bd4b127084e00aa1c5bbe7d3d62e53dac7e94935c810ddd6
std-sysroot.tar.zst sha256=661bc0446fc3a42a818e32d196bb37fd8aa833d682eab9b66c260dd632a3abed
wasip1-sysroot.tar.zst sha256=e76bab15287ab723942928246b6161e1ed55376b1ace14ff0335e11a7f464f22
egui-sysroot.tar.zst sha256=182e7c633158c4df77c3b55a8f74de5d6b6960fa5ee04a550bcaafc1fe04737b
